
Microsoft Visual Studio Solution File, Format Version 12.00
# Visual Studio 15
VisualStudioVersion = 15.0.27428.2015
MinimumVisualStudioVersion = 10.0.40219.1
Project("{9A19103F-16F7-4668-BE54-9A1E7A4F7556}") = "WebFlow", "src\WebFlow\WebFlow.csproj", "{8E5CF284-C2C0-49AC-AC99-0BD42BBD8E14}"
EndProject
Project("{F5034706-568F-408A-B7B3-4D38C6DB8A32}") = "build", "build\build.pssproj", "{81DB7CB9-B827-4096-8172-E9DFEB8D0AA2}"
EndProject
Project("{2150E333-8FDC-42A3-9474-1A3956D46DE8}") = ".misc", ".misc", "{C120B3F2-370E-48E2-997E-AB4A3E1DA69F}"
	ProjectSection(SolutionItems) = preProject
		.gitignore = .gitignore
		README.md = README.md
	EndProjectSection
EndProject
Project("{FAE04EC0-301F-11D3-BF4B-00C04F79EFBC}") = "WebFlow.MSTest", "tests\WebFlow.MSTest\WebFlow.MSTest.csproj", "{B51CDC92-A44F-469D-9D2A-B99276BC3657}"
EndProject
Project("{9A19103F-16F7-4668-BE54-9A1E7A4F7556}") = "WebFlow.CLI", "src\WebFlow.CLI\WebFlow.CLI.csproj", "{9E7B2B36-86F8-4AC2-A417-723A23928615}"
EndProject
Project("{9A19103F-16F7-4668-BE54-9A1E7A4F7556}") = "WebFlow.Sample", "tests\WebFlow.Sample\WebFlow.Sample.csproj", "{6EAD755A-639F-46D6-AF6D-F11119E84CC6}"
EndProject
Project("{9092AA53-FB77-4645-B42D-1CCCA6BD08BD}") = "WebFlow.Mocha", "tests\WebFlow.Mocha\WebFlow.Mocha.njsproj", "{E8B7905C-FD56-46AD-8C3B-9D60A760E0C2}"
EndProject
Global
	GlobalSection(SolutionConfigurationPlatforms) = preSolution
		Debug|Any CPU = Debug|Any CPU
		Release|Any CPU = Release|Any CPU
	EndGlobalSection
	GlobalSection(ProjectConfigurationPlatforms) = postSolution
		{8E5CF284-C2C0-49AC-AC99-0BD42BBD8E14}.Debug|Any CPU.ActiveCfg = Debug|Any CPU
		{8E5CF284-C2C0-49AC-AC99-0BD42BBD8E14}.Debug|Any CPU.Build.0 = Debug|Any CPU
		{8E5CF284-C2C0-49AC-AC99-0BD42BBD8E14}.Release|Any CPU.ActiveCfg = Release|Any CPU
		{8E5CF284-C2C0-49AC-AC99-0BD42BBD8E14}.Release|Any CPU.Build.0 = Release|Any CPU
		{81DB7CB9-B827-4096-8172-E9DFEB8D0AA2}.Debug|Any CPU.ActiveCfg = Debug|Any CPU
		{81DB7CB9-B827-4096-8172-E9DFEB8D0AA2}.Debug|Any CPU.Build.0 = Debug|Any CPU
		{81DB7CB9-B827-4096-8172-E9DFEB8D0AA2}.Release|Any CPU.ActiveCfg = Release|Any CPU
		{81DB7CB9-B827-4096-8172-E9DFEB8D0AA2}.Release|Any CPU.Build.0 = Release|Any CPU
		{B51CDC92-A44F-469D-9D2A-B99276BC3657}.Debug|Any CPU.ActiveCfg = Debug|Any CPU
		{B51CDC92-A44F-469D-9D2A-B99276BC3657}.Debug|Any CPU.Build.0 = Debug|Any CPU
		{B51CDC92-A44F-469D-9D2A-B99276BC3657}.Release|Any CPU.ActiveCfg = Release|Any CPU
		{B51CDC92-A44F-469D-9D2A-B99276BC3657}.Release|Any CPU.Build.0 = Release|Any CPU
		{9E7B2B36-86F8-4AC2-A417-723A23928615}.Debug|Any CPU.ActiveCfg = Debug|Any CPU
		{9E7B2B36-86F8-4AC2-A417-723A23928615}.Debug|Any CPU.Build.0 = Debug|Any CPU
		{9E7B2B36-86F8-4AC2-A417-723A23928615}.Release|Any CPU.ActiveCfg = Release|Any CPU
		{9E7B2B36-86F8-4AC2-A417-723A23928615}.Release|Any CPU.Build.0 = Release|Any CPU
		{6EAD755A-639F-46D6-AF6D-F11119E84CC6}.Debug|Any CPU.ActiveCfg = Debug|Any CPU
		{6EAD755A-639F-46D6-AF6D-F11119E84CC6}.Debug|Any CPU.Build.0 = Debug|Any CPU
		{6EAD755A-639F-46D6-AF6D-F11119E84CC6}.Release|Any CPU.ActiveCfg = Release|Any CPU
		{6EAD755A-639F-46D6-AF6D-F11119E84CC6}.Release|Any CPU.Build.0 = Release|Any CPU
		{E8B7905C-FD56-46AD-8C3B-9D60A760E0C2}.Debug|Any CPU.ActiveCfg = Debug|Any CPU
		{E8B7905C-FD56-46AD-8C3B-9D60A760E0C2}.Debug|Any CPU.Build.0 = Debug|Any CPU
		{E8B7905C-FD56-46AD-8C3B-9D60A760E0C2}.Release|Any CPU.ActiveCfg = Release|Any CPU
		{E8B7905C-FD56-46AD-8C3B-9D60A760E0C2}.Release|Any CPU.Build.0 = Release|Any CPU
	EndGlobalSection
	GlobalSection(SolutionProperties) = preSolution
		HideSolutionNode = FALSE
	EndGlobalSection
	GlobalSection(ExtensibilityGlobals) = postSolution
		SolutionGuid = {20662F70-EF37-4569-8228-2CF887851593}
	EndGlobalSection
EndGlobal
